
Microsoft Visual Studio Solution File, Format Version 12.00
# Visual Studio Version 16
VisualStudioVersion = 25.0.1703.7
MinimumVisualStudioVersion = 10.0.40219.1
Project("{FAE04EC0-301F-11D3-BF4B-00C04F79EFBC}") = "c-sharp_text_turn-based_game", "c-sharp_text_turn-based_game\c-sharp_text_turn-based_game.csproj", "{6965CBB5-EC0A-49AE-8E9F-7BCAB03205F1}"
EndProject
Global
	GlobalSection(SolutionConfigurationPlatforms) = preSolution
		Debug|Any CPU = Debug|Any CPU
		Release|Any CPU = Release|Any CPU
	EndGlobalSection
	GlobalSection(ProjectConfigurationPlatforms) = postSolution
		{6965CBB5-EC0A-49AE-8E9F-7BCAB03205F1}.Debug|Any CPU.ActiveCfg = Debug|Any CPU
		{6965CBB5-EC0A-49AE-8E9F-7BCAB03205F1}.Debug|Any CPU.Build.0 = Debug|Any CPU
		{6965CBB5-EC0A-49AE-8E9F-7BCAB03205F1}.Release|Any CPU.ActiveCfg = Release|Any CPU
		{6965CBB5-EC0A-49AE-8E9F-7BCAB03205F1}.Release|Any CPU.Build.0 = Release|Any CPU
	EndGlobalSection
	GlobalSection(SolutionProperties) = preSolution
		HideSolutionNode = FALSE
	EndGlobalSection
	GlobalSection(ExtensibilityGlobals) = postSolution
		SolutionGuid = {420079CD-538F-4F33-9B84-4B58EF4B8E85}
	EndGlobalSection
EndGlobal
